
Microsoft Visual Studio Solution File, Format Version 12.00
# Visual Studio Version 16
VisualStudioVersion = 16.0.29123.88
MinimumVisualStudioVersion = 10.0.40219.1
Project("{8BC9CEB8-8B4A-11D0-8D11-00A0C91BC942}") = "parametros", "parametros\parametros.vcxproj", "{7C8774A4-05B4-4504-87DA-806812AA5EFF}"
EndProject
Global
	GlobalSection(SolutionConfigurationPlatforms) = preSolution
		Debug|x64 = Debug|x64
		Debug|x86 = Debug|x86
		Release|x64 = Release|x64
		Release|x86 = Release|x86
	EndGlobalSection
	GlobalSection(ProjectConfigurationPlatforms) = postSolution
		{7C8774A4-05B4-4504-87DA-806812AA5EFF}.Debug|x64.ActiveCfg = Debug|x64
		{7C8774A4-05B4-4504-87DA-806812AA5EFF}.Debug|x64.Build.0 = Debug|x64
		{7C8774A4-05B4-4504-87DA-806812AA5EFF}.Debug|x86.ActiveCfg = Debug|Win32
		{7C8774A4-05B4-4504-87DA-806812AA5EFF}.Debug|x86.Build.0 = Debug|Win32
		{7C8774A4-05B4-4504-87DA-806812AA5EFF}.Release|x64.ActiveCfg = Release|x64
		{7C8774A4-05B4-4504-87DA-806812AA5EFF}.Release|x64.Build.0 = Release|x64
		{7C8774A4-05B4-4504-87DA-806812AA5EFF}.Release|x86.ActiveCfg = Release|Win32
		{7C8774A4-05B4-4504-87DA-806812AA5EFF}.Release|x86.Build.0 = Release|Win32
	EndGlobalSection
	GlobalSection(SolutionProperties) = preSolution
		HideSolutionNode = FALSE
	EndGlobalSection
	GlobalSection(ExtensibilityGlobals) = postSolution
		SolutionGuid = {BC067A6E-21BE-4B8E-81DA-39D93AC959CB}
	EndGlobalSection
EndGlobal
